
Microsoft Visual Studio Solution File, Format Version 11.00
# Visual Studio 2010
Project("{8BC9CEB8-8B4A-11D0-8D11-00A0C91BC942}") = "Zadatak_06", "Zadatak_06\Zadatak_06.vcxproj", "{8B717D5B-AFBC-4E12-9640-304BF800CA14}"
EndProject
Global
	GlobalSection(SolutionConfigurationPlatforms) = preSolution
		Debug|Win32 = Debug|Win32
		Release|Win32 = Release|Win32
	EndGlobalSection
	GlobalSection(ProjectConfigurationPlatforms) = postSolution
		{8B717D5B-AFBC-4E12-9640-304BF800CA14}.Debug|Win32.ActiveCfg = Debug|Win32
		{8B717D5B-AFBC-4E12-9640-304BF800CA14}.Debug|Win32.Build.0 = Debug|Win32
		{8B717D5B-AFBC-4E12-9640-304BF800CA14}.Release|Win32.ActiveCfg = Release|Win32
		{8B717D5B-AFBC-4E12-9640-304BF800CA14}.Release|Win32.Build.0 = Release|Win32
	EndGlobalSection
	GlobalSection(SolutionProperties) = preSolution
		HideSolutionNode = FALSE
	EndGlobalSection
EndGlobal
